
Microsoft Visual Studio Solution File, Format Version 12.00
# Visual Studio Version 17
VisualStudioVersion = 17.14.36327.8 d17.14
MinimumVisualStudioVersion = 10.0.40219.1
Project("{FAE04EC0-301F-11D3-BF4B-00C04F79EFBC}") = "RED-X CLOUD CONTROL V2", "RED-X CLOUD CONTROL V2\RED-X CLOUD CONTROL V2.csproj", "{A9D08B49-9C87-452E-8DE5-20C893958592}"
EndProject
Global
	GlobalSection(SolutionConfigurationPlatforms) = preSolution
		Debug|Any CPU = Debug|Any CPU
		Release|Any CPU = Release|Any CPU
	EndGlobalSection
	GlobalSection(ProjectConfigurationPlatforms) = postSolution
		{A9D08B49-9C87-452E-8DE5-20C893958592}.Debug|Any CPU.ActiveCfg = Debug|Any CPU
		{A9D08B49-9C87-452E-8DE5-20C893958592}.Debug|Any CPU.Build.0 = Debug|Any CPU
		{A9D08B49-9C87-452E-8DE5-20C893958592}.Release|Any CPU.ActiveCfg = Release|Any CPU
		{A9D08B49-9C87-452E-8DE5-20C893958592}.Release|Any CPU.Build.0 = Release|Any CPU
	EndGlobalSection
	GlobalSection(SolutionProperties) = preSolution
		HideSolutionNode = FALSE
	EndGlobalSection
	GlobalSection(ExtensibilityGlobals) = postSolution
		SolutionGuid = {F9DD1A49-D654-406E-BF45-4570E524E695}
	EndGlobalSection
EndGlobal
